
Microsoft Visual Studio Solution File, Format Version 12.00
# Visual Studio Version 17
VisualStudioVersion = 17.11.35222.181
MinimumVisualStudioVersion = 10.0.40219.1
Project("{FAE04EC0-301F-11D3-BF4B-00C04F79EFBC}") = "KisiKaydetme", "KisiKaydetme\KisiKaydetme.csproj", "{A3C921DA-02BE-4D06-8A0A-F98A4BB6B9EB}"
EndProject
Global
	GlobalSection(SolutionConfigurationPlatforms) = preSolution
		Debug|Any CPU = Debug|Any CPU
		Release|Any CPU = Release|Any CPU
	EndGlobalSection
	GlobalSection(ProjectConfigurationPlatforms) = postSolution
		{A3C921DA-02BE-4D06-8A0A-F98A4BB6B9EB}.Debug|Any CPU.ActiveCfg = Debug|Any CPU
		{A3C921DA-02BE-4D06-8A0A-F98A4BB6B9EB}.Debug|Any CPU.Build.0 = Debug|Any CPU
		{A3C921DA-02BE-4D06-8A0A-F98A4BB6B9EB}.Release|Any CPU.ActiveCfg = Release|Any CPU
		{A3C921DA-02BE-4D06-8A0A-F98A4BB6B9EB}.Release|Any CPU.Build.0 = Release|Any CPU
	EndGlobalSection
	GlobalSection(SolutionProperties) = preSolution
		HideSolutionNode = FALSE
	EndGlobalSection
	GlobalSection(ExtensibilityGlobals) = postSolution
		SolutionGuid = {4EF95AD7-6194-4E3F-9CD5-D9BA7D5D7068}
	EndGlobalSection
EndGlobal
